{
  "name": "auth-service",
  "version": "1.0.0",
  "lockfileVersion": 3,
  "requires": true,
  "packages": {
    "": {
      "name": "auth-service",
      "version": "1.0.0",
      "license": "ISC",
      "dependencies": {
        "bcrypt": "^6.0.0",
        "cors": "^2.8.6",
        "dotenv": "^17.2.4",
        "express": "^5.2.1",
        "jsonwebtoken": "^9.0.3",
        "pg": "^8.18.0",
        "pg-hstore": "^2.3.4",
        "sequelize": "^6.37.7",
        "zod": "^4.3.6"
      },
      "devDependencies": {
        "@types/bcrypt": "^6.0.0",
        "@types/express": "^5.0.6",
        "@types/express-serve-static-core": "^5.1.1",
        "@types/jest": "^30.0.0",
        "@types/jsonwebtoken": "^9.0.10",
        "@types/mocha": "^10.0.10",
        "@types/node": "^25.2.3",
        "@types/pg": "^8.16.0",
        "@types/sequelize": "^6.12.0",
        "@types/supertest": "^6.0.3",
        "jest": "^30.2.0",
        "rimraf": "^6.1.2",
        "supertest": "^7.2.2",
        "ts-jest": "^29.4.6",
        "tsx": "^4.21.0",
        "typescript": "^5.9.3"
      }
    },
    "../../node_modules/.pnpm/@types+bcrypt@6.0.0/node_modules/@types/bcrypt": {
      "version": "6.0.0",
      "dev": true,
      "license": "MIT",
      "dependencies": {
        "@types/node": "*"
      }
    },
    "../../node_modules/.pnpm/@types+express-serve-static-core@5.1.1/node_modules/@types/express-serve-static-core": {
      "version": "5.1.1",
      "dev": true,
      "license": "MIT",
      "dependencies": {
        "@types/node": "*",
        "@types/qs": "*",
        "@types/range-parser": "*",
        "@types/send": "*"
      }
    },
    "../../node_modules/.pnpm/@types+express@5.0.6/node_modules/@types/express": {
      "version": "5.0.6",
      "dev": true,
      "license": "MIT",
      "dependencies": {
        "@types/body-parser": "*",
        "@types/express-serve-static-core": "^5.0.0",
        "@types/serve-static": "^2"
      }
    },
    "../../node_modules/.pnpm/@types+jest@30.0.0/node_modules/@types/jest": {
      "version": "30.0.0",
      "dev": true,
      "license": "MIT",
      "dependencies": {
        "expect": "^30.0.0",
        "pretty-format": "^30.0.0"
      }
    },
    "../../node_modules/.pnpm/@types+mocha@10.0.10/node_modules/@types/mocha": {
      "version": "10.0.10",
      "dev": true,
      "license": "MIT"
    },
    "../../node_modules/.pnpm/@types+node@25.2.3/node_modules/@types/node": {
      "version": "25.2.3",
      "dev": true,
      "license": "MIT",
      "dependencies": {
        "undici-types": "~7.16.0"
      }
    },
    "../../node_modules/.pnpm/@types+pg@8.16.0/node_modules/@types/pg": {
      "version": "8.16.0",
      "dev": true,
      "license": "MIT",
      "dependencies": {
        "@types/node": "*",
        "pg-protocol": "*",
        "pg-types": "^2.2.0"
      }
    },
    "../../node_modules/.pnpm/@types+sequelize@6.12.0_pg-hstore@2.3.4_pg@8.18.0/node_modules/@types/sequelize": {
      "version": "6.12.0",
      "deprecated": "This is a stub types definition. sequelize provides its own type definitions, so you do not need this installed.",
      "dev": true,
      "license": "MIT",
      "dependencies": {
        "sequelize": "*"
      }
    },
    "../../node_modules/.pnpm/@types+supertest@6.0.3/node_modules/@types/supertest": {
      "version": "6.0.3",
      "dev": true,
      "license": "MIT",
      "dependencies": {
        "@types/methods": "^1.1.4",
        "@types/superagent": "^8.1.0"
      }
    },
    "../../node_modules/.pnpm/bcrypt@6.0.0/node_modules/bcrypt": {
      "version": "6.0.0",
      "hasInstallScript": true,
      "license": "MIT",
      "dependencies": {
        "node-addon-api": "^8.3.0",
        "node-gyp-build": "^4.8.4"
      },
      "devDependencies": {
        "jest": "^29.7.0",
        "prebuildify": "^6.0.1"
      },
      "engines": {
        "node": ">= 18"
      }
    },
    "../../node_modules/.pnpm/cors@2.8.6/node_modules/cors": {
      "version": "2.8.6",
      "license": "MIT",
      "dependencies": {
        "object-assign": "^4",
        "vary": "^1"
      },
      "devDependencies": {
        "after": "0.8.2",
        "eslint": "7.30.0",
        "express": "4.21.2",
        "mocha": "9.2.2",
        "nyc": "15.1.0",
        "supertest": "6.1.3"
      },
      "engines": {
        "node": ">= 0.10"
      },
      "funding": {
        "type": "opencollective",
        "url": "https://opencollective.com/express"
      }
    },
    "../../node_modules/.pnpm/dotenv@17.2.4/node_modules/dotenv": {
      "version": "17.2.4",
      "license": "BSD-2-Clause",
      "devDependencies": {
        "@types/node": "^18.11.3",
        "decache": "^4.6.2",
        "sinon": "^14.0.1",
        "standard": "^17.0.0",
        "standard-version": "^9.5.0",
        "tap": "^19.2.0",
        "typescript": "^4.8.4"
      },
      "engines": {
        "node": ">=12"
      },
      "funding": {
        "url": "https://dotenvx.com"
      }
    },
    "../../node_modules/.pnpm/express@5.2.1/node_modules/express": {
      "version": "5.2.1",
      "license": "MIT",
      "dependencies": {
        "accepts": "^2.0.0",
        "body-parser": "^2.2.1",
        "content-disposition": "^1.0.0",
        "content-type": "^1.0.5",
        "cookie": "^0.7.1",
        "cookie-signature": "^1.2.1",
        "debug": "^4.4.0",
        "depd": "^2.0.0",
        "encodeurl": "^2.0.0",
        "escape-html": "^1.0.3",
        "etag": "^1.8.1",
        "finalhandler": "^2.1.0",
        "fresh": "^2.0.0",
        "http-errors": "^2.0.0",
        "merge-descriptors": "^2.0.0",
        "mime-types": "^3.0.0",
        "on-finished": "^2.4.1",
        "once": "^1.4.0",
        "parseurl": "^1.3.3",
        "proxy-addr": "^2.0.7",
        "qs": "^6.14.0",
        "range-parser": "^1.2.1",
        "router": "^2.2.0",
        "send": "^1.1.0",
        "serve-static": "^2.2.0",
        "statuses": "^2.0.1",
        "type-is": "^2.0.1",
        "vary": "^1.1.2"
      },
      "devDependencies": {
        "after": "0.8.2",
        "connect-redis": "^8.0.1",
        "cookie-parser": "1.4.7",
        "cookie-session": "2.1.1",
        "ejs": "^3.1.10",
        "eslint": "8.47.0",
        "express-session": "^1.18.1",
        "hbs": "4.2.0",
        "marked": "^15.0.3",
        "method-override": "3.0.0",
        "mocha": "^10.7.3",
        "morgan": "1.10.1",
        "nyc": "^17.1.0",
        "pbkdf2-password": "1.2.1",
        "supertest": "^6.3.0",
        "vhost": "~3.0.2"
      },
      "engines": {
        "node": ">= 18"
      },
      "funding": {
        "type": "opencollective",
        "url": "https://opencollective.com/express"
      }
    },
    "../../node_modules/.pnpm/jest@30.2.0_@types+node@25.2.3/node_modules/jest": {
      "version": "30.2.0",
      "dev": true,
      "license": "MIT",
      "dependencies": {
        "@jest/core": "30.2.0",
        "@jest/types": "30.2.0",
        "import-local": "^3.2.0",
        "jest-cli": "30.2.0"
      },
      "bin": {
        "jest": "bin/jest.js"
      },
      "engines": {
        "node": "^18.14.0 || ^20.0.0 || ^22.0.0 || >=24.0.0"
      },
      "peerDependencies": {
        "node-notifier": "^8.0.1 || ^9.0.0 || ^10.0.0"
      },
      "peerDependenciesMeta": {
        "node-notifier": {
          "optional": true
        }
      }
    },
    "../../node_modules/.pnpm/jsonwebtoken@9.0.3/node_modules/jsonwebtoken": {
      "version": "9.0.3",
      "license": "MIT",
      "dependencies": {
        "jws": "^4.0.1",
        "lodash.includes": "^4.3.0",
        "lodash.isboolean": "^3.0.3",
        "lodash.isinteger": "^4.0.4",
        "lodash.isnumber": "^3.0.3",
        "lodash.isplainobject": "^4.0.6",
        "lodash.isstring": "^4.0.1",
        "lodash.once": "^4.0.0",
        "ms": "^2.1.1",
        "semver": "^7.5.4"
      },
      "devDependencies": {
        "atob": "^2.1.2",
        "chai": "^4.1.2",
        "conventional-changelog": "~1.1.0",
        "eslint": "^4.19.1",
        "mocha": "^5.2.0",
        "nsp": "^2.6.2",
        "nyc": "^11.9.0",
        "sinon": "^6.0.0"
      },
      "engines": {
        "node": ">=12",
        "npm": ">=6"
      }
    },
    "../../node_modules/.pnpm/pg-hstore@2.3.4/node_modules/pg-hstore": {
      "version": "2.3.4",
      "license": "MIT",
      "dependencies": {
        "underscore": "^1.13.1"
      },
      "devDependencies": {
        "mocha": "^2.1.0",
        "should": "^4.4.2"
      },
      "engines": {
        "node": ">= 0.8.x"
      }
    },
    "../../node_modules/.pnpm/pg@8.18.0/node_modules/pg": {
      "version": "8.18.0",
      "license": "MIT",
      "dependencies": {
        "pg-connection-string": "^2.11.0",
        "pg-pool": "^3.11.0",
        "pg-protocol": "^1.11.0",
        "pg-types": "2.2.0",
        "pgpass": "1.0.5"
      },
      "devDependencies": {
        "@cloudflare/vitest-pool-workers": "0.8.23",
        "@cloudflare/workers-types": "^4.20230404.0",
        "async": "2.6.4",
        "bluebird": "3.7.2",
        "co": "4.6.0",
        "pg-copy-streams": "0.3.0",
        "typescript": "^4.0.3",
        "vitest": "~3.0.9",
        "wrangler": "^3.x"
      },
      "engines": {
        "node": ">= 16.0.0"
      },
      "optionalDependencies": {
        "pg-cloudflare": "^1.3.0"
      },
      "peerDependencies": {
        "pg-native": ">=3.0.1"
      },
      "peerDependenciesMeta": {
        "pg-native": {
          "optional": true
        }
      }
    },
    "../../node_modules/.pnpm/rimraf@6.1.2/node_modules/rimraf": {
      "version": "6.1.2",
      "dev": true,
      "license": "BlueOak-1.0.0",
      "dependencies": {
        "glob": "^13.0.0",
        "package-json-from-dist": "^1.0.1"
      },
      "bin": {
        "rimraf": "dist/esm/bin.mjs"
      },
      "devDependencies": {
        "@types/node": "^24.9.2",
        "mkdirp": "^3.0.1",
        "prettier": "^3.6.2",
        "tap": "^21.1.1",
        "tshy": "^3.0.3",
        "typedoc": "^0.28.14"
      },
      "engines": {
        "node": "20 || >=22"
      },
      "funding": {
        "url": "https://github.com/sponsors/isaacs"
      }
    },
    "../../node_modules/.pnpm/sequelize@6.37.7_pg-hstore@2.3.4_pg@8.18.0/node_modules/sequelize": {
      "version": "6.37.7",
      "funding": [
        {
          "type": "opencollective",
          "url": "https://opencollective.com/sequelize"
        }
      ],
      "license": "MIT",
      "dependencies": {
        "@types/debug": "^4.1.8",
        "@types/validator": "^13.7.17",
        "debug": "^4.3.4",
        "dottie": "^2.0.6",
        "inflection": "^1.13.4",
        "lodash": "^4.17.21",
        "moment": "^2.29.4",
        "moment-timezone": "^0.5.43",
        "pg-connection-string": "^2.6.1",
        "retry-as-promised": "^7.0.4",
        "semver": "^7.5.4",
        "sequelize-pool": "^7.1.0",
        "toposort-class": "^1.0.1",
        "uuid": "^8.3.2",
        "validator": "^13.9.0",
        "wkx": "^0.5.0"
      },
      "devDependencies": {
        "@commitlint/cli": "^15.0.0",
        "@commitlint/config-angular": "^15.0.0",
        "@octokit/rest": "^18.12.0",
        "@octokit/types": "^6.34.0",
        "@types/chai": "^4.3.0",
        "@types/lodash": "4.14.197",
        "@types/mocha": "^9.0.0",
        "@types/node": "^16.11.17",
        "@types/sinon": "^10.0.6",
        "@typescript-eslint/eslint-plugin": "^5.8.1",
        "@typescript-eslint/parser": "^5.8.1",
        "acorn": "^8.7.0",
        "chai": "^4.3.7",
        "chai-as-promised": "^7.1.1",
        "chai-datetime": "^1.8.0",
        "cheerio": "^1.0.0-rc.10",
        "cls-hooked": "^4.2.2",
        "copyfiles": "^2.4.1",
        "cross-env": "^7.0.3",
        "delay": "^5.0.0",
        "esbuild": "0.14.3",
        "esdoc": "^1.1.0",
        "esdoc-ecmascript-proposal-plugin": "^1.0.0",
        "esdoc-inject-style-plugin": "^1.0.0",
        "esdoc-standard-plugin": "^1.0.0",
        "eslint": "^8.5.0",
        "eslint-plugin-jsdoc": "^37.4.0",
        "eslint-plugin-mocha": "^9.0.0",
        "expect-type": "^0.12.0",
        "fast-glob": "^3.2.7",
        "fs-jetpack": "^4.3.0",
        "husky": "^7.0.4",
        "ibm_db": "^2.8.1",
        "js-combinatorics": "^0.6.1",
        "lcov-result-merger": "^3.1.0",
        "lint-staged": "^12.1.4",
        "mariadb": "^2.5.5",
        "markdownlint-cli": "^0.30.0",
        "mocha": "^7.2.0",
        "module-alias": "^2.2.2",
        "mysql2": "^2.3.3",
        "node-hook": "^1.0.0",
        "nyc": "^15.1.0",
        "oracledb": "^5.5.0",
        "p-map": "^4.0.0",
        "p-props": "^4.0.0",
        "p-settle": "^4.1.1",
        "p-timeout": "^4.0.0",
        "pg": "^8.7.1",
        "pg-hstore": "^2.3.4",
        "rimraf": "^3.0.2",
        "semantic-release": "^18.0.1",
        "semantic-release-fail-on-major-bump": "^1.0.0",
        "sinon": "^12.0.1",
        "sinon-chai": "^3.7.0",
        "snowflake-sdk": "^1.6.6",
        "source-map-support": "^0.5.21",
        "sqlite3": "^5.1.6",
        "tedious": "8.3.0",
        "typescript": "^4.5.4"
      },
      "engines": {
        "node": ">=10.0.0"
      },
      "peerDependenciesMeta": {
        "ibm_db": {
          "optional": true
        },
        "mariadb": {
          "optional": true
        },
        "mysql2": {
          "optional": true
        },
        "oracledb": {
          "optional": true
        },
        "pg": {
          "optional": true
        },
        "pg-hstore": {
          "optional": true
        },
        "snowflake-sdk": {
          "optional": true
        },
        "sqlite3": {
          "optional": true
        },
        "tedious": {
          "optional": true
        }
      }
    },
    "../../node_modules/.pnpm/supertest@7.2.2/node_modules/supertest": {
      "version": "7.2.2",
      "dev": true,
      "license": "MIT",
      "dependencies": {
        "cookie-signature": "^1.2.2",
        "methods": "^1.1.2",
        "superagent": "^10.3.0"
      },
      "devDependencies": {
        "@commitlint/cli": "17",
        "@commitlint/config-conventional": "17",
        "body-parser": "^1.20.3",
        "cookie-parser": "^1.4.7",
        "eslint": "^8.32.0",
        "eslint-config-airbnb-base": "^15.0.0",
        "eslint-plugin-import": "^2.27.5",
        "express": "^4.18.3",
        "mocha": "^10.2.0",
        "nock": "^13.3.8",
        "nyc": "^15.1.0",
        "proxyquire": "^2.1.3",
        "should": "^13.2.3",
        "sinon": "20.0.0"
      },
      "engines": {
        "node": ">=14.18.0"
      }
    },
    "../../node_modules/.pnpm/ts-jest@29.4.6_@babel+core@_5698974a7ada1734dbba7756959d6b2c/node_modules/ts-jest": {
      "version": "29.4.6",
      "dev": true,
      "license": "MIT",
      "dependencies": {
        "bs-logger": "^0.2.6",
        "fast-json-stable-stringify": "^2.1.0",
        "handlebars": "^4.7.8",
        "json5": "^2.2.3",
        "lodash.memoize": "^4.1.2",
        "make-error": "^1.3.6",
        "semver": "^7.7.3",
        "type-fest": "^4.41.0",
        "yargs-parser": "^21.1.1"
      },
      "bin": {
        "ts-jest": "cli.js"
      },
      "devDependencies": {
        "@commitlint/cli": "^19.8.1",
        "@commitlint/config-angular": "^19.8.1",
        "@eslint/compat": "^1.4.1",
        "@eslint/eslintrc": "^3.3.1",
        "@eslint/js": "^9.39.1",
        "@jest/globals": "^30.2.0",
        "@jest/transform": "^30.2.0",
        "@jest/types": "^30.2.0",
        "@types/babel__core": "^7.20.5",
        "@types/fs-extra": "^11.0.4",
        "@types/jest": "^29.5.14",
        "@types/js-yaml": "^4.0.9",
        "@types/lodash.camelcase": "^4.3.9",
        "@types/lodash.memoize": "^4.1.9",
        "@types/lodash.set": "^4.3.9",
        "@types/micromatch": "^4.0.10",
        "@types/node": "20.19.25",
        "@types/semver": "^7.7.1",
        "@types/yargs": "^17.0.35",
        "@types/yargs-parser": "21.0.3",
        "@typescript-eslint/eslint-plugin": "^8.48.0",
        "@typescript-eslint/parser": "^8.48.0",
        "babel-jest": "^30.2.0",
        "conventional-changelog": "^7.1.1",
        "conventional-changelog-angular": "^8.1.0",
        "esbuild": "~0.27.0",
        "eslint": "^9.39.1",
        "eslint-config-prettier": "^10.1.8",
        "eslint-plugin-import": "^2.32.0",
        "eslint-plugin-jest": "^28.14.0",
        "eslint-plugin-jsdoc": "^50.8.0",
        "eslint-plugin-prettier": "^4.2.5",
        "execa": "5.1.1",
        "fast-glob": "^3.3.3",
        "fs-extra": "^11.3.2",
        "globals": "^16.5.0",
        "husky": "^9.1.7",
        "jest": "^30.2.0",
        "js-yaml": "^4.1.1",
        "lint-staged": "^15.5.2",
        "memfs": "^4.51.0",
        "prettier": "^2.8.8",
        "rimraf": "^5.0.10",
        "ts-node": "^10.9.2",
        "typescript": "~5.9.3",
        "typescript-eslint": "^8.48.0"
      },
      "engines": {
        "node": "^14.15.0 || ^16.10.0 || ^18.0.0 || >=20.0.0"
      },
      "peerDependencies": {
        "@babel/core": ">=7.0.0-beta.0 <8",
        "@jest/transform": "^29.0.0 || ^30.0.0",
        "@jest/types": "^29.0.0 || ^30.0.0",
        "babel-jest": "^29.0.0 || ^30.0.0",
        "jest": "^29.0.0 || ^30.0.0",
        "jest-util": "^29.0.0 || ^30.0.0",
        "typescript": ">=4.3 <6"
      },
      "peerDependenciesMeta": {
        "@babel/core": {
          "optional": true
        },
        "@jest/transform": {
          "optional": true
        },
        "@jest/types": {
          "optional": true
        },
        "babel-jest": {
          "optional": true
        },
        "esbuild": {
          "optional": true
        },
        "jest-util": {
          "optional": true
        }
      }
    },
    "../../node_modules/.pnpm/tsx@4.21.0/node_modules/tsx": {
      "version": "4.21.0",
      "dev": true,
      "license": "MIT",
      "dependencies": {
        "esbuild": "~0.27.0",
        "get-tsconfig": "^4.7.5"
      },
      "bin": {
        "tsx": "dist/cli.mjs"
      },
      "engines": {
        "node": ">=18.0.0"
      },
      "optionalDependencies": {
        "fsevents": "~2.3.3"
      }
    },
    "../../node_modules/.pnpm/typescript@5.9.3/node_modules/typescript": {
      "version": "5.9.3",
      "dev": true,
      "license": "Apache-2.0",
      "bin": {
        "tsc": "bin/tsc",
        "tsserver": "bin/tsserver"
      },
      "devDependencies": {
        "@dprint/formatter": "^0.4.1",
        "@dprint/typescript": "0.93.4",
        "@esfx/canceltoken": "^1.0.0",
        "@eslint/js": "^9.20.0",
        "@octokit/rest": "^21.1.1",
        "@types/chai": "^4.3.20",
        "@types/diff": "^7.0.1",
        "@types/minimist": "^1.2.5",
        "@types/mocha": "^10.0.10",
        "@types/ms": "^0.7.34",
        "@types/node": "latest",
        "@types/source-map-support": "^0.5.10",
        "@types/which": "^3.0.4",
        "@typescript-eslint/rule-tester": "^8.24.1",
        "@typescript-eslint/type-utils": "^8.24.1",
        "@typescript-eslint/utils": "^8.24.1",
        "azure-devops-node-api": "^14.1.0",
        "c8": "^10.1.3",
        "chai": "^4.5.0",
        "chokidar": "^4.0.3",
        "diff": "^7.0.0",
        "dprint": "^0.49.0",
        "esbuild": "^0.25.0",
        "eslint": "^9.20.1",
        "eslint-formatter-autolinkable-stylish": "^1.4.0",
        "eslint-plugin-regexp": "^2.7.0",
        "fast-xml-parser": "^4.5.2",
        "glob": "^10.4.5",
        "globals": "^15.15.0",
        "hereby": "^1.10.0",
        "jsonc-parser": "^3.3.1",
        "knip": "^5.44.4",
        "minimist": "^1.2.8",
        "mocha": "^10.8.2",
        "mocha-fivemat-progress-reporter": "^0.1.0",
        "monocart-coverage-reports": "^2.12.1",
        "ms": "^2.1.3",
        "picocolors": "^1.1.1",
        "playwright": "^1.50.1",
        "source-map-support": "^0.5.21",
        "tslib": "^2.8.1",
        "typescript": "^5.7.3",
        "typescript-eslint": "^8.24.1",
        "which": "^3.0.1"
      },
      "engines": {
        "node": ">=14.17"
      }
    },
    "../../node_modules/.pnpm/zod@4.3.6/node_modules/zod": {
      "version": "4.3.6",
      "license": "MIT",
      "funding": {
        "url": "https://github.com/sponsors/colinhacks"
      }
    },
    "node_modules/@types/bcrypt": {
      "resolved": "../../node_modules/.pnpm/@types+bcrypt@6.0.0/node_modules/@types/bcrypt",
      "link": true
    },
    "node_modules/@types/express": {
      "resolved": "../../node_modules/.pnpm/@types+express@5.0.6/node_modules/@types/express",
      "link": true
    },
    "node_modules/@types/express-serve-static-core": {
      "resolved": "../../node_modules/.pnpm/@types+express-serve-static-core@5.1.1/node_modules/@types/express-serve-static-core",
      "link": true
    },
    "node_modules/@types/jest": {
      "resolved": "../../node_modules/.pnpm/@types+jest@30.0.0/node_modules/@types/jest",
      "link": true
    },
    "node_modules/@types/jsonwebtoken": {
      "version": "9.0.10",
      "resolved": "https://registry.npmjs.org/@types/jsonwebtoken/-/jsonwebtoken-9.0.10.tgz",
      "integrity": "sha512-asx5hIG9Qmf/1oStypjanR7iKTv0gXQ1Ov/jfrX6kS/EO0OFni8orbmGCn0672NHR3kXHwpAwR+B368ZGN/2rA==",
      "dev": true,
      "license": "MIT",
      "dependencies": {
        "@types/ms": "*",
        "@types/node": "*"
      }
    },
    "node_modules/@types/mocha": {
      "resolved": "../../node_modules/.pnpm/@types+mocha@10.0.10/node_modules/@types/mocha",
      "link": true
    },
    "node_modules/@types/ms": {
      "version": "2.1.0",
      "resolved": "https://registry.npmjs.org/@types/ms/-/ms-2.1.0.tgz",
      "integrity": "sha512-GsCCIZDE/p3i96vtEqx+7dBUGXrc7zeSK3wwPHIaRThS+9OhWIXRqzs4d6k1SVU8g91DrNRWxWUGhp5KXQb2VA==",
      "dev": true,
      "license": "MIT"
    },
    "node_modules/@types/node": {
      "resolved": "../../node_modules/.pnpm/@types+node@25.2.3/node_modules/@types/node",
      "link": true
    },
    "node_modules/@types/pg": {
      "resolved": "../../node_modules/.pnpm/@types+pg@8.16.0/node_modules/@types/pg",
      "link": true
    },
    "node_modules/@types/sequelize": {
      "resolved": "../../node_modules/.pnpm/@types+sequelize@6.12.0_pg-hstore@2.3.4_pg@8.18.0/node_modules/@types/sequelize",
      "link": true
    },
    "node_modules/@types/supertest": {
      "resolved": "../../node_modules/.pnpm/@types+supertest@6.0.3/node_modules/@types/supertest",
      "link": true
    },
    "node_modules/bcrypt": {
      "resolved": "../../node_modules/.pnpm/bcrypt@6.0.0/node_modules/bcrypt",
      "link": true
    },
    "node_modules/cors": {
      "resolved": "../../node_modules/.pnpm/cors@2.8.6/node_modules/cors",
      "link": true
    },
    "node_modules/dotenv": {
      "resolved": "../../node_modules/.pnpm/dotenv@17.2.4/node_modules/dotenv",
      "link": true
    },
    "node_modules/express": {
      "resolved": "../../node_modules/.pnpm/express@5.2.1/node_modules/express",
      "link": true
    },
    "node_modules/jest": {
      "resolved": "../../node_modules/.pnpm/jest@30.2.0_@types+node@25.2.3/node_modules/jest",
      "link": true
    },
    "node_modules/jsonwebtoken": {
      "resolved": "../../node_modules/.pnpm/jsonwebtoken@9.0.3/node_modules/jsonwebtoken",
      "link": true
    },
    "node_modules/pg": {
      "resolved": "../../node_modules/.pnpm/pg@8.18.0/node_modules/pg",
      "link": true
    },
    "node_modules/pg-hstore": {
      "resolved": "../../node_modules/.pnpm/pg-hstore@2.3.4/node_modules/pg-hstore",
      "link": true
    },
    "node_modules/rimraf": {
      "resolved": "../../node_modules/.pnpm/rimraf@6.1.2/node_modules/rimraf",
      "link": true
    },
    "node_modules/sequelize": {
      "resolved": "../../node_modules/.pnpm/sequelize@6.37.7_pg-hstore@2.3.4_pg@8.18.0/node_modules/sequelize",
      "link": true
    },
    "node_modules/supertest": {
      "resolved": "../../node_modules/.pnpm/supertest@7.2.2/node_modules/supertest",
      "link": true
    },
    "node_modules/ts-jest": {
      "resolved": "../../node_modules/.pnpm/ts-jest@29.4.6_@babel+core@_5698974a7ada1734dbba7756959d6b2c/node_modules/ts-jest",
      "link": true
    },
    "node_modules/tsx": {
      "resolved": "../../node_modules/.pnpm/tsx@4.21.0/node_modules/tsx",
      "link": true
    },
    "node_modules/typescript": {
      "resolved": "../../node_modules/.pnpm/typescript@5.9.3/node_modules/typescript",
      "link": true
    },
    "node_modules/zod": {
      "resolved": "../../node_modules/.pnpm/zod@4.3.6/node_modules/zod",
      "link": true
    }
  }
}
